
Microsoft Visual Studio Solution File, Format Version 12.00
# Visual Studio 15
VisualStudioVersion = 15.0.28307.705
MinimumVisualStudioVersion = 10.0.40219.1
Project("{9A19103F-16F7-4668-BE54-9A1E7A4F7556}") = "LambdaForums", "LambdaForums\LambdaForums.csproj", "{EE23E5E4-1A4C-4A6E-ABC3-9C97C313868B}"
EndProject
Project("{9A19103F-16F7-4668-BE54-9A1E7A4F7556}") = "LambdaForums.Data", "LambdaForums.Data\LambdaForums.Data.csproj", "{BB495C56-5A18-480B-94C3-90AAD5440177}"
EndProject
Project("{FAE04EC0-301F-11D3-BF4B-00C04F79EFBC}") = "LambdaForums.Service", "LambdaForums.Service\LambdaForums.Service.csproj", "{930572D0-DFA1-46E8-BF74-35B35F824F69}"
EndProject
Global
	GlobalSection(SolutionConfigurationPlatforms) = preSolution
		Debug|Any CPU = Debug|Any CPU
		Release|Any CPU = Release|Any CPU
	EndGlobalSection
	GlobalSection(ProjectConfigurationPlatforms) = postSolution
		{EE23E5E4-1A4C-4A6E-ABC3-9C97C313868B}.Debug|Any CPU.ActiveCfg = Debug|Any CPU
		{EE23E5E4-1A4C-4A6E-ABC3-9C97C313868B}.Debug|Any CPU.Build.0 = Debug|Any CPU
		{EE23E5E4-1A4C-4A6E-ABC3-9C97C313868B}.Release|Any CPU.ActiveCfg = Release|Any CPU
		{EE23E5E4-1A4C-4A6E-ABC3-9C97C313868B}.Release|Any CPU.Build.0 = Release|Any CPU
		{BB495C56-5A18-480B-94C3-90AAD5440177}.Debug|Any CPU.ActiveCfg = Debug|Any CPU
		{BB495C56-5A18-480B-94C3-90AAD5440177}.Debug|Any CPU.Build.0 = Debug|Any CPU
		{BB495C56-5A18-480B-94C3-90AAD5440177}.Release|Any CPU.ActiveCfg = Release|Any CPU
		{BB495C56-5A18-480B-94C3-90AAD5440177}.Release|Any CPU.Build.0 = Release|Any CPU
		{930572D0-DFA1-46E8-BF74-35B35F824F69}.Debug|Any CPU.ActiveCfg = Debug|Any CPU
		{930572D0-DFA1-46E8-BF74-35B35F824F69}.Debug|Any CPU.Build.0 = Debug|Any CPU
		{930572D0-DFA1-46E8-BF74-35B35F824F69}.Release|Any CPU.ActiveCfg = Release|Any CPU
		{930572D0-DFA1-46E8-BF74-35B35F824F69}.Release|Any CPU.Build.0 = Release|Any CPU
	EndGlobalSection
	GlobalSection(SolutionProperties) = preSolution
		HideSolutionNode = FALSE
	EndGlobalSection
	GlobalSection(ExtensibilityGlobals) = postSolution
		SolutionGuid = {FD7B4550-FC0A-4CC5-AA90-FEA5B074DC4A}
	EndGlobalSection
EndGlobal
